{
  "nodes": {
    "nixpkgs": {
      "locked": {
        "lastModified": 1791244311,
        "narHash": "sha256-0LJ61OirLSJQvxTyd9uo7XbF6LiBDn0E6t/9ciUTeQ4=",
        "rev": "2bd3427b41d10b8318383195efe502ed1baca6cd",
        "type": "tarball",
        "url": "https://releases.nixos.org/nixpkgs/26.05-darwin/nixpkgs-darwin-26.05pre1015562.2bd3427b41d1/nixexprs.tar.xz"
      },
      "original": {
        "type": "tarball",
        "url": "https://channels.nixos.org/nixpkgs-26.05-darwin/nixexprs.tar.xz"
      }
    },
    "root": {
      "inputs": {
        "nixpkgs": "nixpkgs",
        "rust-overlay": "rust-overlay"
      }
    },
    "rust-overlay": {
      "inputs": {
        "nixpkgs": [
          "nixpkgs"
        ]
      },
      "locked": {
        "lastModified": 1791361643,
        "narHash": "sha256-HMdfSb1ONHs1RbSkQtCXm+tWEsTikisWWtXDnv0aQ+I=",
        "ref": "refs/heads/master",
        "rev": "8afee9fa8caa877a4feb65adc33e8d72f3747dc9",
        "shallow": true,
        "type": "git",
        "url": "https://github.com/oxalica/rust-overlay"
      },
      "original": {
        "shallow": true,
        "type": "git",
        "url": "https://github.com/oxalica/rust-overlay"
      }
    }
  },
  "root": "root",
  "version": 7
}
